
Microsoft Visual Studio Solution File, Format Version 12.00
# Visual Studio Version 17
VisualStudioVersion = 17.10.35027.167
MinimumVisualStudioVersion = 10.0.40219.1
Project("{FAE04EC0-301F-11D3-BF4B-00C04F79EFBC}") = "WinFormsApp1", "WinFormsApp1\WinFormsApp1.csproj", "{C8785BF2-FE20-4FD4-8E30-63DC7AA9F9E5}"
EndProject
Global
	GlobalSection(SolutionConfigurationPlatforms) = preSolution
		Debug|Any CPU = Debug|Any CPU
		Release|Any CPU = Release|Any CPU
	EndGlobalSection
	GlobalSection(ProjectConfigurationPlatforms) = postSolution
		{C8785BF2-FE20-4FD4-8E30-63DC7AA9F9E5}.Debug|Any CPU.ActiveCfg = Debug|Any CPU
		{C8785BF2-FE20-4FD4-8E30-63DC7AA9F9E5}.Debug|Any CPU.Build.0 = Debug|Any CPU
		{C8785BF2-FE20-4FD4-8E30-63DC7AA9F9E5}.Release|Any CPU.ActiveCfg = Release|Any CPU
		{C8785BF2-FE20-4FD4-8E30-63DC7AA9F9E5}.Release|Any CPU.Build.0 = Release|Any CPU
	EndGlobalSection
	GlobalSection(SolutionProperties) = preSolution
		HideSolutionNode = FALSE
	EndGlobalSection
	GlobalSection(ExtensibilityGlobals) = postSolution
		SolutionGuid = {8C232BD5-20F4-40DD-9AC2-F66D7ADFF884}
	EndGlobalSection
EndGlobal
